// !$*UTF8*$!
{
	archiveVersion = 1;
	classes = {
	};
	objectVersion = 56;
	objects = {

/* Begin PBXBuildFile section */
		9833C54E2B3112CA00E3B3F1 /* Category.swift in Sources */ = {isa = PBXBuildFile; fileRef = 9833C54D2B3112CA00E3B3F1 /* Category.swift */; };
		9833C5502B3112FC00E3B3F1 /* ShoppingList.swift in Sources */ = {isa = PBXBuildFile; fileRef = 9833C54F2B3112FC00E3B3F1 /* ShoppingList.swift */; };
		9833C5522B314E0800E3B3F1 /* ListItemsView.swift in Sources */ = {isa = PBXBuildFile; fileRef = 9833C5512B314E0800E3B3F1 /* ListItemsView.swift */; };
		9896F1D32AAC1BC7007662F1 /* accountyApp.swift in Sources */ = {isa = PBXBuildFile; fileRef = 9896F1D22AAC1BC7007662F1 /* accountyApp.swift */; };
		9896F1D52AAC1BC7007662F1 /* ListsView.swift in Sources */ = {isa = PBXBuildFile; fileRef = 9896F1D42AAC1BC7007662F1 /* ListsView.swift */; };
		9896F1D72AAC1BC7007662F1 /* Item.swift in Sources */ = {isa = PBXBuildFile; fileRef = 9896F1D62AAC1BC7007662F1 /* Item.swift */; };
		9896F1D92AAC1BC9007662F1 /* Assets.xcassets in Resources */ = {isa = PBXBuildFile; fileRef = 9896F1D82AAC1BC9007662F1 /* Assets.xcassets */; };
		9896F1DD2AAC1BC9007662F1 /* Preview Assets.xcassets in Resources */ = {isa = PBXBuildFile; fileRef = 9896F1DC2AAC1BC9007662F1 /* Preview Assets.xcassets */; };
		9896F1E82AAC1BC9007662F1 /* accountyTests.swift in Sources */ = {isa = PBXBuildFile; fileRef = 9896F1E72AAC1BC9007662F1 /* accountyTests.swift */; };
		9896F1F22AAC1BC9007662F1 /* accountyUITests.swift in Sources */ = {isa = PBXBuildFile; fileRef = 9896F1F12AAC1BC9007662F1 /* accountyUITests.swift */; };
		9896F1F42AAC1BC9007662F1 /* accountyUITestsLaunchTests.swift in Sources */ = {isa = PBXBuildFile; fileRef = 9896F1F32AAC1BC9007662F1 /* accountyUITestsLaunchTests.swift */; };
/* End PBXBuildFile section */

/* Begin PBXContainerItemProxy section */
		9896F1E42AAC1BC9007662F1 /* PBXContainerItemProxy */ = {
			isa = PBXContainerItemProxy;
			containerPortal = 9896F1C72AAC1BC7007662F1 /* Project object */;
			proxyType = 1;
			remoteGlobalIDString = 9896F1CE2AAC1BC7007662F1;
			remoteInfo = accounty;
		};
		9896F1EE2AAC1BC9007662F1 /* PBXContainerItemProxy */ = {
			isa = PBXContainerItemProxy;
			containerPortal = 9896F1C72AAC1BC7007662F1 /* Project object */;
			proxyType = 1;
			remoteGlobalIDString = 9896F1CE2AAC1BC7007662F1;
			remoteInfo = accounty;
		};
/* End PBXContainerItemProxy section */

/* Begin PBXFileReference section */
		9833C54D2B3112CA00E3B3F1 /* Category.swift */ = {isa = PBXFileReference; lastKnownFileType = sourcecode.swift; path = Category.swift; sourceTree = "<group>"; };
		9833C54F2B3112FC00E3B3F1 /* ShoppingList.swift */ = {isa = PBXFileReference; lastKnownFileType = sourcecode.swift; path = ShoppingList.swift; sourceTree = "<group>"; };
		9833C5512B314E0800E3B3F1 /* ListItemsView.swift */ = {isa = PBXFileReference; lastKnownFileType = sourcecode.swift; path = ListItemsView.swift; sourceTree = "<group>"; };
		9896F1CF2AAC1BC7007662F1 /* accounty.app */ = {isa = PBXFileReference; explicitFileType = wrapper.application; includeInIndex = 0; path = accounty.app; sourceTree = BUILT_PRODUCTS_DIR; };
		9896F1D22AAC1BC7007662F1 /* accountyApp.swift */ = {isa = PBXFileReference; lastKnownFileType = sourcecode.swift; path = accountyApp.swift; sourceTree = "<group>"; };
		9896F1D42AAC1BC7007662F1 /* ListsView.swift */ = {isa = PBXFileReference; lastKnownFileType = sourcecode.swift; path = ListsView.swift; sourceTree = "<group>"; };
		9896F1D62AAC1BC7007662F1 /* Item.swift */ = {isa = PBXFileReference; lastKnownFileType = sourcecode.swift; path = Item.swift; sourceTree = "<group>"; };
		9896F1D82AAC1BC9007662F1 /* Assets.xcassets */ = {isa = PBXFileReference; lastKnownFileType = folder.assetcatalog; path = Assets.xcassets; sourceTree = "<group>"; };
		9896F1DA2AAC1BC9007662F1 /* accounty.entitlements */ = {isa = PBXFileReference; lastKnownFileType = text.plist.entitlements; path = accounty.entitlements; sourceTree = "<group>"; };
		9896F1DC2AAC1BC9007662F1 /* Preview Assets.xcassets */ = {isa = PBXFileReference; lastKnownFileType = folder.assetcatalog; path = "Preview Assets.xcassets"; sourceTree = "<group>"; };
		9896F1DE2AAC1BC9007662F1 /* Info.plist */ = {isa = PBXFileReference; lastKnownFileType = text.plist.xml; path = Info.plist; sourceTree = "<group>"; };
		9896F1E32AAC1BC9007662F1 /* accountyTests.xctest */ = {isa = PBXFileReference; explicitFileType = wrapper.cfbundle; includeInIndex = 0; path = accountyTests.xctest; sourceTree = BUILT_PRODUCTS_DIR; };
		9896F1E72AAC1BC9007662F1 /* accountyTests.swift */ = {isa = PBXFileReference; lastKnownFileType = sourcecode.swift; path = accountyTests.swift; sourceTree = "<group>"; };
		9896F1ED2AAC1BC9007662F1 /* accountyUITests.xctest */ = {isa = PBXFileReference; explicitFileType = wrapper.cfbundle; includeInIndex = 0; path = accountyUITests.xctest; sourceTree = BUILT_PRODUCTS_DIR; };
		9896F1F12AAC1BC9007662F1 /* accountyUITests.swift */ = {isa = PBXFileReference; lastKnownFileType = sourcecode.swift; path = accountyUITests.swift; sourceTree = "<group>"; };
		9896F1F32AAC1BC9007662F1 /* accountyUITestsLaunchTests.swift */ = {isa = PBXFileReference; lastKnownFileType = sourcecode.swift; path = accountyUITestsLaunchTests.swift; sourceTree = "<group>"; };
/* End PBXFileReference section */

/* Begin PBXFrameworksBuildPhase section */
		9896F1CC2AAC1BC7007662F1 /* Frameworks */ = {
			isa = PBXFrameworksBuildPhase;
			buildActionMask = 2147483647;
			files = (
			);
			runOnlyForDeploymentPostprocessing = 0;
		};
		9896F1E02AAC1BC9007662F1 /* Frameworks */ = {
			isa = PBXFrameworksBuildPhase;
			buildActionMask = 2147483647;
			files = (
			);
			runOnlyForDeploymentPostprocessing = 0;
		};
		9896F1EA2AAC1BC9007662F1 /* Frameworks */ = {
			isa = PBXFrameworksBuildPhase;
			buildActionMask = 2147483647;
			files = (
			);
			runOnlyForDeploymentPostprocessing = 0;
		};
/* End PBXFrameworksBuildPhase section */

/* Begin PBXGroup section */
		9833C54A2B31125C00E3B3F1 /* Models */ = {
			isa = PBXGroup;
			children = (
				9896F1D62AAC1BC7007662F1 /* Item.swift */,
				9833C54D2B3112CA00E3B3F1 /* Category.swift */,
				9833C54F2B3112FC00E3B3F1 /* ShoppingList.swift */,
			);
			path = Models;
			sourceTree = "<group>";
		};
		9896F1C62AAC1BC7007662F1 = {
			isa = PBXGroup;
			children = (
				9896F1D12AAC1BC7007662F1 /* accounty */,
				9896F1E62AAC1BC9007662F1 /* accountyTests */,
				9896F1F02AAC1BC9007662F1 /* accountyUITests */,
				9896F1D02AAC1BC7007662F1 /* Products */,
			);
			sourceTree = "<group>";
		};
		9896F1D02AAC1BC7007662F1 /* Products */ = {
			isa = PBXGroup;
			children = (
				9896F1CF2AAC1BC7007662F1 /* accounty.app */,
				9896F1E32AAC1BC9007662F1 /* accountyTests.xctest */,
				9896F1ED2AAC1BC9007662F1 /* accountyUITests.xctest */,
			);
			name = Products;
			sourceTree = "<group>";
		};
		9896F1D12AAC1BC7007662F1 /* accounty */ = {
			isa = PBXGroup;
			children = (
				9896F1D22AAC1BC7007662F1 /* accountyApp.swift */,
				9896F1D42AAC1BC7007662F1 /* ListsView.swift */,
				9833C5512B314E0800E3B3F1 /* ListItemsView.swift */,
				9833C54A2B31125C00E3B3F1 /* Models */,
				9896F1D82AAC1BC9007662F1 /* Assets.xcassets */,
				9896F1DA2AAC1BC9007662F1 /* accounty.entitlements */,
				9896F1DE2AAC1BC9007662F1 /* Info.plist */,
				9896F1DB2AAC1BC9007662F1 /* Preview Content */,
			);
			path = accounty;
			sourceTree = "<group>";
		};
		9896F1DB2AAC1BC9007662F1 /* Preview Content */ = {
			isa = PBXGroup;
			children = (
				9896F1DC2AAC1BC9007662F1 /* Preview Assets.xcassets */,
			);
			path = "Preview Content";
			sourceTree = "<group>";
		};
		9896F1E62AAC1BC9007662F1 /* accountyTests */ = {
			isa = PBXGroup;
			children = (
				9896F1E72AAC1BC9007662F1 /* accountyTests.swift */,
			);
			path = accountyTests;
			sourceTree = "<group>";
		};
		9896F1F02AAC1BC9007662F1 /* accountyUITests */ = {
			isa = PBXGroup;
			children = (
				9896F1F12AAC1BC9007662F1 /* accountyUITests.swift */,
				9896F1F32AAC1BC9007662F1 /* accountyUITestsLaunchTests.swift */,
			);
			path = accountyUITests;
			sourceTree = "<group>";
		};
/* End PBXGroup section */

/* Begin PBXNativeTarget section */
		9896F1CE2AAC1BC7007662F1 /* accounty */ = {
			isa = PBXNativeTarget;
			buildConfigurationList = 9896F1F72AAC1BC9007662F1 /* Build configuration list for PBXNativeTarget "accounty" */;
			buildPhases = (
				9896F1CB2AAC1BC7007662F1 /* Sources */,
				9896F1CC2AAC1BC7007662F1 /* Frameworks */,
				9896F1CD2AAC1BC7007662F1 /* Resources */,
			);
			buildRules = (
			);
			dependencies = (
			);
			name = accounty;
			productName = accounty;
			productReference = 9896F1CF2AAC1BC7007662F1 /* accounty.app */;
			productType = "com.apple.product-type.application";
		};
		9896F1E22AAC1BC9007662F1 /* accountyTests */ = {
			isa = PBXNativeTarget;
			buildConfigurationList = 9896F1FA2AAC1BC9007662F1 /* Build configuration list for PBXNativeTarget "accountyTests" */;
			buildPhases = (
				9896F1DF2AAC1BC9007662F1 /* Sources */,
				9896F1E02AAC1BC9007662F1 /* Frameworks */,
				9896F1E12AAC1BC9007662F1 /* Resources */,
			);
			buildRules = (
			);
			dependencies = (
				9896F1E52AAC1BC9007662F1 /* PBXTargetDependency */,
			);
			name = accountyTests;
			productName = accountyTests;
			productReference = 9896F1E32AAC1BC9007662F1 /* accountyTests.xctest */;
			productType = "com.apple.product-type.bundle.unit-test";
		};
		9896F1EC2AAC1BC9007662F1 /* accountyUITests */ = {
			isa = PBXNativeTarget;
			buildConfigurationList = 9896F1FD2AAC1BC9007662F1 /* Build configuration list for PBXNativeTarget "accountyUITests" */;
			buildPhases = (
				9896F1E92AAC1BC9007662F1 /* Sources */,
				9896F1EA2AAC1BC9007662F1 /* Frameworks */,
				9896F1EB2AAC1BC9007662F1 /* Resources */,
			);
			buildRules = (
			);
			dependencies = (
				9896F1EF2AAC1BC9007662F1 /* PBXTargetDependency */,
			);
			name = accountyUITests;
			productName = accountyUITests;
			productReference = 9896F1ED2AAC1BC9007662F1 /* accountyUITests.xctest */;
			productType = "com.apple.product-type.bundle.ui-testing";
		};
/* End PBXNativeTarget section */

/* Begin PBXProject section */
		9896F1C72AAC1BC7007662F1 /* Project object */ = {
			isa = PBXProject;
			attributes = {
				BuildIndependentTargetsInParallel = 1;
				LastSwiftUpdateCheck = 1500;
				LastUpgradeCheck = 1510;
				TargetAttributes = {
					9896F1CE2AAC1BC7007662F1 = {
						CreatedOnToolsVersion = 15.0;
					};
					9896F1E22AAC1BC9007662F1 = {
						CreatedOnToolsVersion = 15.0;
						TestTargetID = 9896F1CE2AAC1BC7007662F1;
					};
					9896F1EC2AAC1BC9007662F1 = {
						CreatedOnToolsVersion = 15.0;
						TestTargetID = 9896F1CE2AAC1BC7007662F1;
					};
				};
			};
			buildConfigurationList = 9896F1CA2AAC1BC7007662F1 /* Build configuration list for PBXProject "accounty" */;
			compatibilityVersion = "Xcode 14.0";
			developmentRegion = en;
			hasScannedForEncodings = 0;
			knownRegions = (
				en,
				Base,
			);
			mainGroup = 9896F1C62AAC1BC7007662F1;
			productRefGroup = 9896F1D02AAC1BC7007662F1 /* Products */;
			projectDirPath = "";
			projectRoot = "";
			targets = (
				9896F1CE2AAC1BC7007662F1 /* accounty */,
				9896F1E22AAC1BC9007662F1 /* accountyTests */,
				9896F1EC2AAC1BC9007662F1 /* accountyUITests */,
			);
		};
/* End PBXProject section */

/* Begin PBXResourcesBuildPhase section */
		9896F1CD2AAC1BC7007662F1 /* Resources */ = {
			isa = PBXResourcesBuildPhase;
			buildActionMask = 2147483647;
			files = (
				9896F1DD2AAC1BC9007662F1 /* Preview Assets.xcassets in Resources */,
				9896F1D92AAC1BC9007662F1 /* Assets.xcassets in Resources */,
			);
			runOnlyForDeploymentPostprocessing = 0;
		};
		9896F1E12AAC1BC9007662F1 /* Resources */ = {
			isa = PBXResourcesBuildPhase;
			buildActionMask = 2147483647;
			files = (
			);
			runOnlyForDeploymentPostprocessing = 0;
		};
		9896F1EB2AAC1BC9007662F1 /* Resources */ = {
			isa = PBXResourcesBuildPhase;
			buildActionMask = 2147483647;
			files = (
			);
			runOnlyForDeploymentPostprocessing = 0;
		};
/* End PBXResourcesBuildPhase section */

/* Begin PBXSourcesBuildPhase section */
		9896F1CB2AAC1BC7007662F1 /* Sources */ = {
			isa = PBXSourcesBuildPhase;
			buildActionMask = 2147483647;
			files = (
				9833C5502B3112FC00E3B3F1 /* ShoppingList.swift in Sources */,
				9833C54E2B3112CA00E3B3F1 /* Category.swift in Sources */,
				9896F1D52AAC1BC7007662F1 /* ListsView.swift in Sources */,
				9833C5522B314E0800E3B3F1 /* ListItemsView.swift in Sources */,
				9896F1D72AAC1BC7007662F1 /* Item.swift in Sources */,
				9896F1D32AAC1BC7007662F1 /* accountyApp.swift in Sources */,
			);
			runOnlyForDeploymentPostprocessing = 0;
		};
		9896F1DF2AAC1BC9007662F1 /* Sources */ = {
			isa = PBXSourcesBuildPhase;
			buildActionMask = 2147483647;
			files = (
				9896F1E82AAC1BC9007662F1 /* accountyTests.swift in Sources */,
			);
			runOnlyForDeploymentPostprocessing = 0;
		};
		9896F1E92AAC1BC9007662F1 /* Sources */ = {
			isa = PBXSourcesBuildPhase;
			buildActionMask = 2147483647;
			files = (
				9896F1F42AAC1BC9007662F1 /* accountyUITestsLaunchTests.swift in Sources */,
				9896F1F22AAC1BC9007662F1 /* accountyUITests.swift in Sources */,
			);
			runOnlyForDeploymentPostprocessing = 0;
		};
/* End PBXSourcesBuildPhase section */

/* Begin PBXTargetDependency section */
		9896F1E52AAC1BC9007662F1 /* PBXTargetDependency */ = {
			isa = PBXTargetDependency;
			target = 9896F1CE2AAC1BC7007662F1 /* accounty */;
			targetProxy = 9896F1E42AAC1BC9007662F1 /* PBXContainerItemProxy */;
		};
		9896F1EF2AAC1BC9007662F1 /* PBXTargetDependency */ = {
			isa = PBXTargetDependency;
			target = 9896F1CE2AAC1BC7007662F1 /* accounty */;
			targetProxy = 9896F1EE2AAC1BC9007662F1 /* PBXContainerItemProxy */;
		};
/* End PBXTargetDependency section */

/* Begin XCBuildConfiguration section */
		9896F1F52AAC1BC9007662F1 /* Debug */ = {
			isa = XCBuildConfiguration;
			buildSettings = {
				ALWAYS_SEARCH_USER_PATHS = NO;
				ASSETCATALOG_COMPILER_GENERATE_SWIFT_ASSET_SYMBOL_EXTENSIONS = YES;
				CLANG_ANALYZER_NONNULL = YES;
				CLANG_ANALYZER_NUMBER_OBJECT_CONVERSION = YES_AGGRESSIVE;
				CLANG_CXX_LANGUAGE_STANDARD = "gnu++20";
				CLANG_ENABLE_MODULES = YES;
				CLANG_ENABLE_OBJC_ARC = YES;
				CLANG_ENABLE_OBJC_WEAK = YES;
				CLANG_WARN_BLOCK_CAPTURE_AUTORELEASING = YES;
				CLANG_WARN_BOOL_CONVERSION = YES;
				CLANG_WARN_COMMA = YES;
				CLANG_WARN_CONSTANT_CONVERSION = YES;
				CLANG_WARN_DEPRECATED_OBJC_IMPLEMENTATIONS = YES;
				CLANG_WARN_DIRECT_OBJC_ISA_USAGE = YES_ERROR;
				CLANG_WARN_DOCUMENTATION_COMMENTS = YES;
				CLANG_WARN_EMPTY_BODY = YES;
				CLANG_WARN_ENUM_CONVERSION = YES;
				CLANG_WARN_INFINITE_RECURSION = YES;
				CLANG_WARN_INT_CONVERSION = YES;
				CLANG_WARN_NON_LITERAL_NULL_CONVERSION = YES;
				CLANG_WARN_OBJC_IMPLICIT_RETAIN_SELF = YES;
				CLANG_WARN_OBJC_LITERAL_CONVERSION = YES;
				CLANG_WARN_OBJC_ROOT_CLASS = YES_ERROR;
				CLANG_WARN_QUOTED_INCLUDE_IN_FRAMEWORK_HEADER = YES;
				CLANG_WARN_RANGE_LOOP_ANALYSIS = YES;
				CLANG_WARN_STRICT_PROTOTYPES = YES;
				CLANG_WARN_SUSPICIOUS_MOVE = YES;
				CLANG_WARN_UNGUARDED_AVAILABILITY = YES_AGGRESSIVE;
				CLANG_WARN_UNREACHABLE_CODE = YES;
				CLANG_WARN__DUPLICATE_METHOD_MATCH = YES;
				COPY_PHASE_STRIP = NO;
				DEAD_CODE_STRIPPING = YES;
				DEBUG_INFORMATION_FORMAT = dwarf;
				ENABLE_STRICT_OBJC_MSGSEND = YES;
				ENABLE_TESTABILITY = YES;
				ENABLE_USER_SCRIPT_SANDBOXING = YES;
				GCC_C_LANGUAGE_STANDARD = gnu17;
				GCC_DYNAMIC_NO_PIC = NO;
				GCC_NO_COMMON_BLOCKS = YES;
				GCC_OPTIMIZATION_LEVEL = 0;
				GCC_PREPROCESSOR_DEFINITIONS = (
					"DEBUG=1",
					"$(inherited)",
				);
				GCC_WARN_64_TO_32_BIT_CONVERSION = YES;
				GCC_WARN_ABOUT_RETURN_TYPE = YES_ERROR;
				GCC_WARN_UNDECLARED_SELECTOR = YES;
				GCC_WARN_UNINITIALIZED_AUTOS = YES_AGGRESSIVE;
				GCC_WARN_UNUSED_FUNCTION = YES;
				GCC_WARN_UNUSED_VARIABLE = YES;
				LOCALIZATION_PREFERS_STRING_CATALOGS = YES;
				MTL_ENABLE_DEBUG_INFO = INCLUDE_SOURCE;
				MTL_FAST_MATH = YES;
				ONLY_ACTIVE_ARCH = YES;
				SWIFT_ACTIVE_COMPILATION_CONDITIONS = "DEBUG $(inherited)";
				SWIFT_OPTIMIZATION_LEVEL = "-Onone";
			};
			name = Debug;
		};
		9896F1F62AAC1BC9007662F1 /* Release */ = {
			isa = XCBuildConfiguration;
			buildSettings = {
				ALWAYS_SEARCH_USER_PATHS = NO;
				ASSETCATALOG_COMPILER_GENERATE_SWIFT_ASSET_SYMBOL_EXTENSIONS = YES;
				CLANG_ANALYZER_NONNULL = YES;
				CLANG_ANALYZER_NUMBER_OBJECT_CONVERSION = YES_AGGRESSIVE;
				CLANG_CXX_LANGUAGE_STANDARD = "gnu++20";
				CLANG_ENABLE_MODULES = YES;
				CLANG_ENABLE_OBJC_ARC = YES;
				CLANG_ENABLE_OBJC_WEAK = YES;
				CLANG_WARN_BLOCK_CAPTURE_AUTORELEASING = YES;
				CLANG_WARN_BOOL_CONVERSION = YES;
				CLANG_WARN_COMMA = YES;
				CLANG_WARN_CONSTANT_CONVERSION = YES;
				CLANG_WARN_DEPRECATED_OBJC_IMPLEMENTATIONS = YES;
				CLANG_WARN_DIRECT_OBJC_ISA_USAGE = YES_ERROR;
				CLANG_WARN_DOCUMENTATION_COMMENTS = YES;
				CLANG_WARN_EMPTY_BODY = YES;
				CLANG_WARN_ENUM_CONVERSION = YES;
				CLANG_WARN_INFINITE_RECURSION = YES;
				CLANG_WARN_INT_CONVERSION = YES;
				CLANG_WARN_NON_LITERAL_NULL_CONVERSION = YES;
				CLANG_WARN_OBJC_IMPLICIT_RETAIN_SELF = YES;
				CLANG_WARN_OBJC_LITERAL_CONVERSION = YES;
				CLANG_WARN_OBJC_ROOT_CLASS = YES_ERROR;
				CLANG_WARN_QUOTED_INCLUDE_IN_FRAMEWORK_HEADER = YES;
				CLANG_WARN_RANGE_LOOP_ANALYSIS = YES;
				CLANG_WARN_STRICT_PROTOTYPES = YES;
				CLANG_WARN_SUSPICIOUS_MOVE = YES;
				CLANG_WARN_UNGUARDED_AVAILABILITY = YES_AGGRESSIVE;
				CLANG_WARN_UNREACHABLE_CODE = YES;
				CLANG_WARN__DUPLICATE_METHOD_MATCH = YES;
				COPY_PHASE_STRIP = NO;
				DEAD_CODE_STRIPPING = YES;
				DEBUG_INFORMATION_FORMAT = "dwarf-with-dsym";
				ENABLE_NS_ASSERTIONS = NO;
				ENABLE_STRICT_OBJC_MSGSEND = YES;
				ENABLE_USER_SCRIPT_SANDBOXING = YES;
				GCC_C_LANGUAGE_STANDARD = gnu17;
				GCC_NO_COMMON_BLOCKS = YES;
				GCC_WARN_64_TO_32_BIT_CONVERSION = YES;
				GCC_WARN_ABOUT_RETURN_TYPE = YES_ERROR;
				GCC_WARN_UNDECLARED_SELECTOR = YES;
				GCC_WARN_UNINITIALIZED_AUTOS = YES_AGGRESSIVE;
				GCC_WARN_UNUSED_FUNCTION = YES;
				GCC_WARN_UNUSED_VARIABLE = YES;
				LOCALIZATION_PREFERS_STRING_CATALOGS = YES;
				MTL_ENABLE_DEBUG_INFO = NO;
				MTL_FAST_MATH = YES;
				SWIFT_COMPILATION_MODE = wholemodule;
			};
			name = Release;
		};
		9896F1F82AAC1BC9007662F1 /* Debug */ = {
			isa = XCBuildConfiguration;
			buildSettings = {
				ASSETCATALOG_COMPILER_APPICON_NAME = AppIcon;
				ASSETCATALOG_COMPILER_GLOBAL_ACCENT_COLOR_NAME = AccentColor;
				CODE_SIGN_ENTITLEMENTS = accounty/accounty.entitlements;
				CODE_SIGN_STYLE = Automatic;
				CURRENT_PROJECT_VERSION = 1;
				DEAD_CODE_STRIPPING = YES;
				DEVELOPMENT_ASSET_PATHS = "\"accounty/Preview Content\"";
				DEVELOPMENT_TEAM = 5F35F2ZNFF;
				ENABLE_HARDENED_RUNTIME = YES;
				ENABLE_PREVIEWS = YES;
				GENERATE_INFOPLIST_FILE = YES;
				INFOPLIST_FILE = accounty/Info.plist;
				"INFOPLIST_KEY_UIApplicationSceneManifest_Generation[sdk=iphoneos*]" = YES;
				"INFOPLIST_KEY_UIApplicationSceneManifest_Generation[sdk=iphonesimulator*]" = YES;
				"INFOPLIST_KEY_UIApplicationSupportsIndirectInputEvents[sdk=iphoneos*]" = YES;
				"INFOPLIST_KEY_UIApplicationSupportsIndirectInputEvents[sdk=iphonesimulator*]" = YES;
				"INFOPLIST_KEY_UILaunchScreen_Generation[sdk=iphoneos*]" = YES;
				"INFOPLIST_KEY_UILaunchScreen_Generation[sdk=iphonesimulator*]" = YES;
				"INFOPLIST_KEY_UIStatusBarStyle[sdk=iphoneos*]" = UIStatusBarStyleDefault;
				"INFOPLIST_KEY_UIStatusBarStyle[sdk=iphonesimulator*]" = UIStatusBarStyleDefault;
				INFOPLIST_KEY_UISupportedInterfaceOrientations_iPad = "UIInterfaceOrientationPortrait UIInterfaceOrientationPortraitUpsideDown UIInterfaceOrientationLandscapeLeft UIInterfaceOrientationLandscapeRight";
				INFOPLIST_KEY_UISupportedInterfaceOrientations_iPhone = "UIInterfaceOrientationPortrait UIInterfaceOrientationLandscapeLeft UIInterfaceOrientationLandscapeRight";
				IPHONEOS_DEPLOYMENT_TARGET = 17.0;
				LD_RUNPATH_SEARCH_PATHS = "@executable_path/Frameworks";
				"LD_RUNPATH_SEARCH_PATHS[sdk=macosx*]" = "@executable_path/../Frameworks";
				MACOSX_DEPLOYMENT_TARGET = 14.0;
				MARKETING_VERSION = 1.0;
				PRODUCT_BUNDLE_IDENTIFIER = com.calvinaquino.accounty;
				PRODUCT_NAME = "$(TARGET_NAME)";
				SDKROOT = auto;
				SUPPORTED_PLATFORMS = "iphoneos iphonesimulator macosx";
				SWIFT_EMIT_LOC_STRINGS = YES;
				SWIFT_VERSION = 5.0;
				TARGETED_DEVICE_FAMILY = "1,2";
			};
			name = Debug;
		};
		9896F1F92AAC1BC9007662F1 /* Release */ = {
			isa = XCBuildConfiguration;
			buildSettings = {
				ASSETCATALOG_COMPILER_APPICON_NAME = AppIcon;
				ASSETCATALOG_COMPILER_GLOBAL_ACCENT_COLOR_NAME = AccentColor;
				CODE_SIGN_ENTITLEMENTS = accounty/accounty.entitlements;
				CODE_SIGN_STYLE = Automatic;
				CURRENT_PROJECT_VERSION = 1;
				DEAD_CODE_STRIPPING = YES;
				DEVELOPMENT_ASSET_PATHS = "\"accounty/Preview Content\"";
				DEVELOPMENT_TEAM = 5F35F2ZNFF;
				ENABLE_HARDENED_RUNTIME = YES;
				ENABLE_PREVIEWS = YES;
				GENERATE_INFOPLIST_FILE = YES;
				INFOPLIST_FILE = accounty/Info.plist;
				"INFOPLIST_KEY_UIApplicationSceneManifest_Generation[sdk=iphoneos*]" = YES;
				"INFOPLIST_KEY_UIApplicationSceneManifest_Generation[sdk=iphonesimulator*]" = YES;
				"INFOPLIST_KEY_UIApplicationSupportsIndirectInputEvents[sdk=iphoneos*]" = YES;
				"INFOPLIST_KEY_UIApplicationSupportsIndirectInputEvents[sdk=iphonesimulator*]" = YES;
				"INFOPLIST_KEY_UILaunchScreen_Generation[sdk=iphoneos*]" = YES;
				"INFOPLIST_KEY_UILaunchScreen_Generation[sdk=iphonesimulator*]" = YES;
				"INFOPLIST_KEY_UIStatusBarStyle[sdk=iphoneos*]" = UIStatusBarStyleDefault;
				"INFOPLIST_KEY_UIStatusBarStyle[sdk=iphonesimulator*]" = UIStatusBarStyleDefault;
				INFOPLIST_KEY_UISupportedInterfaceOrientations_iPad = "UIInterfaceOrientationPortrait UIInterfaceOrientationPortraitUpsideDown UIInterfaceOrientationLandscapeLeft UIInterfaceOrientationLandscapeRight";
				INFOPLIST_KEY_UISupportedInterfaceOrientations_iPhone = "UIInterfaceOrientationPortrait UIInterfaceOrientationLandscapeLeft UIInterfaceOrientationLandscapeRight";
				IPHONEOS_DEPLOYMENT_TARGET = 17.0;
				LD_RUNPATH_SEARCH_PATHS = "@executable_path/Frameworks";
				"LD_RUNPATH_SEARCH_PATHS[sdk=macosx*]" = "@executable_path/../Frameworks";
				MACOSX_DEPLOYMENT_TARGET = 14.0;
				MARKETING_VERSION = 1.0;
				PRODUCT_BUNDLE_IDENTIFIER = com.calvinaquino.accounty;
				PRODUCT_NAME = "$(TARGET_NAME)";
				SDKROOT = auto;
				SUPPORTED_PLATFORMS = "iphoneos iphonesimulator macosx";
				SWIFT_EMIT_LOC_STRINGS = YES;
				SWIFT_VERSION = 5.0;
				TARGETED_DEVICE_FAMILY = "1,2";
			};
			name = Release;
		};
		9896F1FB2AAC1BC9007662F1 /* Debug */ = {
			isa = XCBuildConfiguration;
			buildSettings = {
				ALWAYS_EMBED_SWIFT_STANDARD_LIBRARIES = YES;
				BUNDLE_LOADER = "$(TEST_HOST)";
				CODE_SIGN_STYLE = Automatic;
				CURRENT_PROJECT_VERSION = 1;
				DEAD_CODE_STRIPPING = YES;
				DEVELOPMENT_TEAM = 5F35F2ZNFF;
				GENERATE_INFOPLIST_FILE = YES;
				IPHONEOS_DEPLOYMENT_TARGET = 17.0;
				MACOSX_DEPLOYMENT_TARGET = 13.4;
				MARKETING_VERSION = 1.0;
				PRODUCT_BUNDLE_IDENTIFIER = com.calvinaquino.accountyTests;
				PRODUCT_NAME = "$(TARGET_NAME)";
				SDKROOT = auto;
				SUPPORTED_PLATFORMS = "iphoneos iphonesimulator macosx";
				SWIFT_EMIT_LOC_STRINGS = NO;
				SWIFT_VERSION = 5.0;
				TARGETED_DEVICE_FAMILY = "1,2";
				TEST_HOST = "$(BUILT_PRODUCTS_DIR)/accounty.app/$(BUNDLE_EXECUTABLE_FOLDER_PATH)/accounty";
			};
			name = Debug;
		};
		9896F1FC2AAC1BC9007662F1 /* Release */ = {
			isa = XCBuildConfiguration;
			buildSettings = {
				ALWAYS_EMBED_SWIFT_STANDARD_LIBRARIES = YES;
				BUNDLE_LOADER = "$(TEST_HOST)";
				CODE_SIGN_STYLE = Automatic;
				CURRENT_PROJECT_VERSION = 1;
				DEAD_CODE_STRIPPING = YES;
				DEVELOPMENT_TEAM = 5F35F2ZNFF;
				GENERATE_INFOPLIST_FILE = YES;
				IPHONEOS_DEPLOYMENT_TARGET = 17.0;
				MACOSX_DEPLOYMENT_TARGET = 13.4;
				MARKETING_VERSION = 1.0;
				PRODUCT_BUNDLE_IDENTIFIER = com.calvinaquino.accountyTests;
				PRODUCT_NAME = "$(TARGET_NAME)";
				SDKROOT = auto;
				SUPPORTED_PLATFORMS = "iphoneos iphonesimulator macosx";
				SWIFT_EMIT_LOC_STRINGS = NO;
				SWIFT_VERSION = 5.0;
				TARGETED_DEVICE_FAMILY = "1,2";
				TEST_HOST = "$(BUILT_PRODUCTS_DIR)/accounty.app/$(BUNDLE_EXECUTABLE_FOLDER_PATH)/accounty";
			};
			name = Release;
		};
		9896F1FE2AAC1BC9007662F1 /* Debug */ = {
			isa = XCBuildConfiguration;
			buildSettings = {
				ALWAYS_EMBED_SWIFT_STANDARD_LIBRARIES = YES;
				CODE_SIGN_STYLE = Automatic;
				CURRENT_PROJECT_VERSION = 1;
				DEAD_CODE_STRIPPING = YES;
				DEVELOPMENT_TEAM = 5F35F2ZNFF;
				GENERATE_INFOPLIST_FILE = YES;
				IPHONEOS_DEPLOYMENT_TARGET = 17.0;
				MACOSX_DEPLOYMENT_TARGET = 13.4;
				MARKETING_VERSION = 1.0;
				PRODUCT_BUNDLE_IDENTIFIER = com.calvinaquino.accountyUITests;
				PRODUCT_NAME = "$(TARGET_NAME)";
				SDKROOT = auto;
				SUPPORTED_PLATFORMS = "iphoneos iphonesimulator macosx";
				SWIFT_EMIT_LOC_STRINGS = NO;
				SWIFT_VERSION = 5.0;
				TARGETED_DEVICE_FAMILY = "1,2";
				TEST_TARGET_NAME = accounty;
			};
			name = Debug;
		};
		9896F1FF2AAC1BC9007662F1 /* Release */ = {
			isa = XCBuildConfiguration;
			buildSettings = {
				ALWAYS_EMBED_SWIFT_STANDARD_LIBRARIES = YES;
				CODE_SIGN_STYLE = Automatic;
				CURRENT_PROJECT_VERSION = 1;
				DEAD_CODE_STRIPPING = YES;
				DEVELOPMENT_TEAM = 5F35F2ZNFF;
				GENERATE_INFOPLIST_FILE = YES;
				IPHONEOS_DEPLOYMENT_TARGET = 17.0;
				MACOSX_DEPLOYMENT_TARGET = 13.4;
				MARKETING_VERSION = 1.0;
				PRODUCT_BUNDLE_IDENTIFIER = com.calvinaquino.accountyUITests;
				PRODUCT_NAME = "$(TARGET_NAME)";
				SDKROOT = auto;
				SUPPORTED_PLATFORMS = "iphoneos iphonesimulator macosx";
				SWIFT_EMIT_LOC_STRINGS = NO;
				SWIFT_VERSION = 5.0;
				TARGETED_DEVICE_FAMILY = "1,2";
				TEST_TARGET_NAME = accounty;
			};
			name = Release;
		};
/* End XCBuildConfiguration section */

/* Begin XCConfigurationList section */
		9896F1CA2AAC1BC7007662F1 /* Build configuration list for PBXProject "accounty" */ = {
			isa = XCConfigurationList;
			buildConfigurations = (
				9896F1F52AAC1BC9007662F1 /* Debug */,
				9896F1F62AAC1BC9007662F1 /* Release */,
			);
			defaultConfigurationIsVisible = 0;
			defaultConfigurationName = Release;
		};
		9896F1F72AAC1BC9007662F1 /* Build configuration list for PBXNativeTarget "accounty" */ = {
			isa = XCConfigurationList;
			buildConfigurations = (
				9896F1F82AAC1BC9007662F1 /* Debug */,
				9896F1F92AAC1BC9007662F1 /* Release */,
			);
			defaultConfigurationIsVisible = 0;
			defaultConfigurationName = Release;
		};
		9896F1FA2AAC1BC9007662F1 /* Build configuration list for PBXNativeTarget "accountyTests" */ = {
			isa = XCConfigurationList;
			buildConfigurations = (
				9896F1FB2AAC1BC9007662F1 /* Debug */,
				9896F1FC2AAC1BC9007662F1 /* Release */,
			);
			defaultConfigurationIsVisible = 0;
			defaultConfigurationName = Release;
		};
		9896F1FD2AAC1BC9007662F1 /* Build configuration list for PBXNativeTarget "accountyUITests" */ = {
			isa = XCConfigurationList;
			buildConfigurations = (
				9896F1FE2AAC1BC9007662F1 /* Debug */,
				9896F1FF2AAC1BC9007662F1 /* Release */,
			);
			defaultConfigurationIsVisible = 0;
			defaultConfigurationName = Release;
		};
/* End XCConfigurationList section */
	};
	rootObject = 9896F1C72AAC1BC7007662F1 /* Project object */;
}
